// !$*UTF8*$!
{
	archiveVersion = 1;
	classes = {
	};
	objectVersion = 48;
	objects = {

/* Begin PBXBuildFile section */
		F14C356120C3BE4D00C9D46B /* AppDelegate.swift in Sources */ = {isa = PBXBuildFile; fileRef = F14C356020C3BE4D00C9D46B /* AppDelegate.swift */; };
		F14C356320C3BE4D00C9D46B /* ViewController.swift in Sources */ = {isa = PBXBuildFile; fileRef = F14C356220C3BE4D00C9D46B /* ViewController.swift */; };
		F14C356620C3BE4D00C9D46B /* Main.storyboard in Resources */ = {isa = PBXBuildFile; fileRef = F14C356420C3BE4D00C9D46B /* Main.storyboard */; };
		F14C356820C3BE4D00C9D46B /* Assets.xcassets in Resources */ = {isa = PBXBuildFile; fileRef = F14C356720C3BE4D00C9D46B /* Assets.xcassets */; };
		F14C356B20C3BE4D00C9D46B /* LaunchScreen.storyboard in Resources */ = {isa = PBXBuildFile; fileRef = F14C356920C3BE4D00C9D46B /* LaunchScreen.storyboard */; };
		F14C357620C3BE4D00C9D46B /* RxSwiftDataBindingsTests.swift in Sources */ = {isa = PBXBuildFile; fileRef = F14C357520C3BE4D00C9D46B /* RxSwiftDataBindingsTests.swift */; };
		F14C358120C3BE4D00C9D46B /* RxSwiftDataBindingsUITests.swift in Sources */ = {isa = PBXBuildFile; fileRef = F14C358020C3BE4D00C9D46B /* RxSwiftDataBindingsUITests.swift */; };
/* End PBXBuildFile section */

/* Begin PBXContainerItemProxy section */
		F14C357220C3BE4D00C9D46B /* PBXContainerItemProxy */ = {
			isa = PBXContainerItemProxy;
			containerPortal = F14C355520C3BE4D00C9D46B /* Project object */;
			proxyType = 1;
			remoteGlobalIDString = F14C355C20C3BE4D00C9D46B;
			remoteInfo = RxSwiftDataBindings;
		};
		F14C357D20C3BE4D00C9D46B /* PBXContainerItemProxy */ = {
			isa = PBXContainerItemProxy;
			containerPortal = F14C355520C3BE4D00C9D46B /* Project object */;
			proxyType = 1;
			remoteGlobalIDString = F14C355C20C3BE4D00C9D46B;
			remoteInfo = RxSwiftDataBindings;
		};
/* End PBXContainerItemProxy section */

/* Begin PBXFileReference section */
		F14C355D20C3BE4D00C9D46B /* RxSwiftDataBindings.app */ = {isa = PBXFileReference; explicitFileType = wrapper.application; includeInIndex = 0; path = RxSwiftDataBindings.app; sourceTree = BUILT_PRODUCTS_DIR; };
		F14C356020C3BE4D00C9D46B /* AppDelegate.swift */ = {isa = PBXFileReference; lastKnownFileType = sourcecode.swift; path = AppDelegate.swift; sourceTree = "<group>"; };
		F14C356220C3BE4D00C9D46B /* ViewController.swift */ = {isa = PBXFileReference; lastKnownFileType = sourcecode.swift; path = ViewController.swift; sourceTree = "<group>"; };
		F14C356520C3BE4D00C9D46B /* Base */ = {isa = PBXFileReference; lastKnownFileType = file.storyboard; name = Base; path = Base.lproj/Main.storyboard; sourceTree = "<group>"; };
		F14C356720C3BE4D00C9D46B /* Assets.xcassets */ = {isa = PBXFileReference; lastKnownFileType = folder.assetcatalog; path = Assets.xcassets; sourceTree = "<group>"; };
		F14C356A20C3BE4D00C9D46B /* Base */ = {isa = PBXFileReference; lastKnownFileType = file.storyboard; name = Base; path = Base.lproj/LaunchScreen.storyboard; sourceTree = "<group>"; };
		F14C356C20C3BE4D00C9D46B /* Info.plist */ = {isa = PBXFileReference; lastKnownFileType = text.plist.xml; path = Info.plist; sourceTree = "<group>"; };
		F14C357120C3BE4D00C9D46B /* RxSwiftDataBindingsTests.xctest */ = {isa = PBXFileReference; explicitFileType = wrapper.cfbundle; includeInIndex = 0; path = RxSwiftDataBindingsTests.xctest; sourceTree = BUILT_PRODUCTS_DIR; };
		F14C357520C3BE4D00C9D46B /* RxSwiftDataBindingsTests.swift */ = {isa = PBXFileReference; lastKnownFileType = sourcecode.swift; path = RxSwiftDataBindingsTests.swift; sourceTree = "<group>"; };
		F14C357720C3BE4D00C9D46B /* Info.plist */ = {isa = PBXFileReference; lastKnownFileType = text.plist.xml; path = Info.plist; sourceTree = "<group>"; };
		F14C357C20C3BE4D00C9D46B /* RxSwiftDataBindingsUITests.xctest */ = {isa = PBXFileReference; explicitFileType = wrapper.cfbundle; includeInIndex = 0; path = RxSwiftDataBindingsUITests.xctest; sourceTree = BUILT_PRODUCTS_DIR; };
		F14C358020C3BE4D00C9D46B /* RxSwiftDataBindingsUITests.swift */ = {isa = PBXFileReference; lastKnownFileType = sourcecode.swift; path = RxSwiftDataBindingsUITests.swift; sourceTree = "<group>"; };
		F14C358220C3BE4D00C9D46B /* Info.plist */ = {isa = PBXFileReference; lastKnownFileType = text.plist.xml; path = Info.plist; sourceTree = "<group>"; };
/* End PBXFileReference section */

/* Begin PBXFrameworksBuildPhase section */
		F14C355A20C3BE4D00C9D46B /* Frameworks */ = {
			isa = PBXFrameworksBuildPhase;
			buildActionMask = 2147483647;
			files = (
			);
			runOnlyForDeploymentPostprocessing = 0;
		};
		F14C356E20C3BE4D00C9D46B /* Frameworks */ = {
			isa = PBXFrameworksBuildPhase;
			buildActionMask = 2147483647;
			files = (
			);
			runOnlyForDeploymentPostprocessing = 0;
		};
		F14C357920C3BE4D00C9D46B /* Frameworks */ = {
			isa = PBXFrameworksBuildPhase;
			buildActionMask = 2147483647;
			files = (
			);
			runOnlyForDeploymentPostprocessing = 0;
		};
/* End PBXFrameworksBuildPhase section */

/* Begin PBXGroup section */
		F14C355420C3BE4D00C9D46B = {
			isa = PBXGroup;
			children = (
				F14C355F20C3BE4D00C9D46B /* RxSwiftDataBindings */,
				F14C357420C3BE4D00C9D46B /* RxSwiftDataBindingsTests */,
				F14C357F20C3BE4D00C9D46B /* RxSwiftDataBindingsUITests */,
				F14C355E20C3BE4D00C9D46B /* Products */,
			);
			sourceTree = "<group>";
		};
		F14C355E20C3BE4D00C9D46B /* Products */ = {
			isa = PBXGroup;
			children = (
				F14C355D20C3BE4D00C9D46B /* RxSwiftDataBindings.app */,
				F14C357120C3BE4D00C9D46B /* RxSwiftDataBindingsTests.xctest */,
				F14C357C20C3BE4D00C9D46B /* RxSwiftDataBindingsUITests.xctest */,
			);
			name = Products;
			sourceTree = "<group>";
		};
		F14C355F20C3BE4D00C9D46B /* RxSwiftDataBindings */ = {
			isa = PBXGroup;
			children = (
				F14C356020C3BE4D00C9D46B /* AppDelegate.swift */,
				F14C356220C3BE4D00C9D46B /* ViewController.swift */,
				F14C356420C3BE4D00C9D46B /* Main.storyboard */,
				F14C356720C3BE4D00C9D46B /* Assets.xcassets */,
				F14C356920C3BE4D00C9D46B /* LaunchScreen.storyboard */,
				F14C356C20C3BE4D00C9D46B /* Info.plist */,
			);
			path = RxSwiftDataBindings;
			sourceTree = "<group>";
		};
		F14C357420C3BE4D00C9D46B /* RxSwiftDataBindingsTests */ = {
			isa = PBXGroup;
			children = (
				F14C357520C3BE4D00C9D46B /* RxSwiftDataBindingsTests.swift */,
				F14C357720C3BE4D00C9D46B /* Info.plist */,
			);
			path = RxSwiftDataBindingsTests;
			sourceTree = "<group>";
		};
		F14C357F20C3BE4D00C9D46B /* RxSwiftDataBindingsUITests */ = {
			isa = PBXGroup;
			children = (
				F14C358020C3BE4D00C9D46B /* RxSwiftDataBindingsUITests.swift */,
				F14C358220C3BE4D00C9D46B /* Info.plist */,
			);
			path = RxSwiftDataBindingsUITests;
			sourceTree = "<group>";
		};
/* End PBXGroup section */

/* Begin PBXNativeTarget section */
		F14C355C20C3BE4D00C9D46B /* RxSwiftDataBindings */ = {
			isa = PBXNativeTarget;
			buildConfigurationList = F14C358520C3BE4D00C9D46B /* Build configuration list for PBXNativeTarget "RxSwiftDataBindings" */;
			buildPhases = (
				F14C355920C3BE4D00C9D46B /* Sources */,
				F14C355A20C3BE4D00C9D46B /* Frameworks */,
				F14C355B20C3BE4D00C9D46B /* Resources */,
			);
			buildRules = (
			);
			dependencies = (
			);
			name = RxSwiftDataBindings;
			productName = RxSwiftDataBindings;
			productReference = F14C355D20C3BE4D00C9D46B /* RxSwiftDataBindings.app */;
			productType = "com.apple.product-type.application";
		};
		F14C357020C3BE4D00C9D46B /* RxSwiftDataBindingsTests */ = {
			isa = PBXNativeTarget;
			buildConfigurationList = F14C358820C3BE4D00C9D46B /* Build configuration list for PBXNativeTarget "RxSwiftDataBindingsTests" */;
			buildPhases = (
				F14C356D20C3BE4D00C9D46B /* Sources */,
				F14C356E20C3BE4D00C9D46B /* Frameworks */,
				F14C356F20C3BE4D00C9D46B /* Resources */,
			);
			buildRules = (
			);
			dependencies = (
				F14C357320C3BE4D00C9D46B /* PBXTargetDependency */,
			);
			name = RxSwiftDataBindingsTests;
			productName = RxSwiftDataBindingsTests;
			productReference = F14C357120C3BE4D00C9D46B /* RxSwiftDataBindingsTests.xctest */;
			productType = "com.apple.product-type.bundle.unit-test";
		};
		F14C357B20C3BE4D00C9D46B /* RxSwiftDataBindingsUITests */ = {
			isa = PBXNativeTarget;
			buildConfigurationList = F14C358B20C3BE4D00C9D46B /* Build configuration list for PBXNativeTarget "RxSwiftDataBindingsUITests" */;
			buildPhases = (
				F14C357820C3BE4D00C9D46B /* Sources */,
				F14C357920C3BE4D00C9D46B /* Frameworks */,
				F14C357A20C3BE4D00C9D46B /* Resources */,
			);
			buildRules = (
			);
			dependencies = (
				F14C357E20C3BE4D00C9D46B /* PBXTargetDependency */,
			);
			name = RxSwiftDataBindingsUITests;
			productName = RxSwiftDataBindingsUITests;
			productReference = F14C357C20C3BE4D00C9D46B /* RxSwiftDataBindingsUITests.xctest */;
			productType = "com.apple.product-type.bundle.ui-testing";
		};
/* End PBXNativeTarget section */

/* Begin PBXProject section */
		F14C355520C3BE4D00C9D46B /* Project object */ = {
			isa = PBXProject;
			attributes = {
				LastSwiftUpdateCheck = 0920;
				LastUpgradeCheck = 0920;
				ORGANIZATIONNAME = "Hideaki Komori";
				TargetAttributes = {
					F14C355C20C3BE4D00C9D46B = {
						CreatedOnToolsVersion = 9.2;
						ProvisioningStyle = Automatic;
					};
					F14C357020C3BE4D00C9D46B = {
						CreatedOnToolsVersion = 9.2;
						ProvisioningStyle = Automatic;
						TestTargetID = F14C355C20C3BE4D00C9D46B;
					};
					F14C357B20C3BE4D00C9D46B = {
						CreatedOnToolsVersion = 9.2;
						ProvisioningStyle = Automatic;
						TestTargetID = F14C355C20C3BE4D00C9D46B;
					};
				};
			};
			buildConfigurationList = F14C355820C3BE4D00C9D46B /* Build configuration list for PBXProject "RxSwiftDataBindings" */;
			compatibilityVersion = "Xcode 8.0";
			developmentRegion = en;
			hasScannedForEncodings = 0;
			knownRegions = (
				en,
				Base,
			);
			mainGroup = F14C355420C3BE4D00C9D46B;
			productRefGroup = F14C355E20C3BE4D00C9D46B /* Products */;
			projectDirPath = "";
			projectRoot = "";
			targets = (
				F14C355C20C3BE4D00C9D46B /* RxSwiftDataBindings */,
				F14C357020C3BE4D00C9D46B /* RxSwiftDataBindingsTests */,
				F14C357B20C3BE4D00C9D46B /* RxSwiftDataBindingsUITests */,
			);
		};
/* End PBXProject section */

/* Begin PBXResourcesBuildPhase section */
		F14C355B20C3BE4D00C9D46B /* Resources */ = {
			isa = PBXResourcesBuildPhase;
			buildActionMask = 2147483647;
			files = (
				F14C356B20C3BE4D00C9D46B /* LaunchScreen.storyboard in Resources */,
				F14C356820C3BE4D00C9D46B /* Assets.xcassets in Resources */,
				F14C356620C3BE4D00C9D46B /* Main.storyboard in Resources */,
			);
			runOnlyForDeploymentPostprocessing = 0;
		};
		F14C356F20C3BE4D00C9D46B /* Resources */ = {
			isa = PBXResourcesBuildPhase;
			buildActionMask = 2147483647;
			files = (
			);
			runOnlyForDeploymentPostprocessing = 0;
		};
		F14C357A20C3BE4D00C9D46B /* Resources */ = {
			isa = PBXResourcesBuildPhase;
			buildActionMask = 2147483647;
			files = (
			);
			runOnlyForDeploymentPostprocessing = 0;
		};
/* End PBXResourcesBuildPhase section */

/* Begin PBXSourcesBuildPhase section */
		F14C355920C3BE4D00C9D46B /* Sources */ = {
			isa = PBXSourcesBuildPhase;
			buildActionMask = 2147483647;
			files = (
				F14C356320C3BE4D00C9D46B /* ViewController.swift in Sources */,
				F14C356120C3BE4D00C9D46B /* AppDelegate.swift in Sources */,
			);
			runOnlyForDeploymentPostprocessing = 0;
		};
		F14C356D20C3BE4D00C9D46B /* Sources */ = {
			isa = PBXSourcesBuildPhase;
			buildActionMask = 2147483647;
			files = (
				F14C357620C3BE4D00C9D46B /* RxSwiftDataBindingsTests.swift in Sources */,
			);
			runOnlyForDeploymentPostprocessing = 0;
		};
		F14C357820C3BE4D00C9D46B /* Sources */ = {
			isa = PBXSourcesBuildPhase;
			buildActionMask = 2147483647;
			files = (
				F14C358120C3BE4D00C9D46B /* RxSwiftDataBindingsUITests.swift in Sources */,
			);
			runOnlyForDeploymentPostprocessing = 0;
		};
/* End PBXSourcesBuildPhase section */

/* Begin PBXTargetDependency section */
		F14C357320C3BE4D00C9D46B /* PBXTargetDependency */ = {
			isa = PBXTargetDependency;
			target = F14C355C20C3BE4D00C9D46B /* RxSwiftDataBindings */;
			targetProxy = F14C357220C3BE4D00C9D46B /* PBXContainerItemProxy */;
		};
		F14C357E20C3BE4D00C9D46B /* PBXTargetDependency */ = {
			isa = PBXTargetDependency;
			target = F14C355C20C3BE4D00C9D46B /* RxSwiftDataBindings */;
			targetProxy = F14C357D20C3BE4D00C9D46B /* PBXContainerItemProxy */;
		};
/* End PBXTargetDependency section */

/* Begin PBXVariantGroup section */
		F14C356420C3BE4D00C9D46B /* Main.storyboard */ = {
			isa = PBXVariantGroup;
			children = (
				F14C356520C3BE4D00C9D46B /* Base */,
			);
			name = Main.storyboard;
			sourceTree = "<group>";
		};
		F14C356920C3BE4D00C9D46B /* LaunchScreen.storyboard */ = {
			isa = PBXVariantGroup;
			children = (
				F14C356A20C3BE4D00C9D46B /* Base */,
			);
			name = LaunchScreen.storyboard;
			sourceTree = "<group>";
		};
/* End PBXVariantGroup section */

/* Begin XCBuildConfiguration section */
		F14C358320C3BE4D00C9D46B /* Debug */ = {
			isa = XCBuildConfiguration;
			buildSettings = {
				ALWAYS_SEARCH_USER_PATHS = NO;
				CLANG_ANALYZER_NONNULL = YES;
				CLANG_ANALYZER_NUMBER_OBJECT_CONVERSION = YES_AGGRESSIVE;
				CLANG_CXX_LANGUAGE_STANDARD = "gnu++14";
				CLANG_CXX_LIBRARY = "libc++";
				CLANG_ENABLE_MODULES = YES;
				CLANG_ENABLE_OBJC_ARC = YES;
				CLANG_WARN_BLOCK_CAPTURE_AUTORELEASING = YES;
				CLANG_WARN_BOOL_CONVERSION = YES;
				CLANG_WARN_COMMA = YES;
				CLANG_WARN_CONSTANT_CONVERSION = YES;
				CLANG_WARN_DIRECT_OBJC_ISA_USAGE = YES_ERROR;
				CLANG_WARN_DOCUMENTATION_COMMENTS = YES;
				CLANG_WARN_EMPTY_BODY = YES;
				CLANG_WARN_ENUM_CONVERSION = YES;
				CLANG_WARN_INFINITE_RECURSION = YES;
				CLANG_WARN_INT_CONVERSION = YES;
				CLANG_WARN_NON_LITERAL_NULL_CONVERSION = YES;
				CLANG_WARN_OBJC_LITERAL_CONVERSION = YES;
				CLANG_WARN_OBJC_ROOT_CLASS = YES_ERROR;
				CLANG_WARN_RANGE_LOOP_ANALYSIS = YES;
				CLANG_WARN_STRICT_PROTOTYPES = YES;
				CLANG_WARN_SUSPICIOUS_MOVE = YES;
				CLANG_WARN_UNGUARDED_AVAILABILITY = YES_AGGRESSIVE;
				CLANG_WARN_UNREACHABLE_CODE = YES;
				CLANG_WARN__DUPLICATE_METHOD_MATCH = YES;
				CODE_SIGN_IDENTITY = "iPhone Developer";
				COPY_PHASE_STRIP = NO;
				DEBUG_INFORMATION_FORMAT = dwarf;
				ENABLE_STRICT_OBJC_MSGSEND = YES;
				ENABLE_TESTABILITY = YES;
				GCC_C_LANGUAGE_STANDARD = gnu11;
				GCC_DYNAMIC_NO_PIC = NO;
				GCC_NO_COMMON_BLOCKS = YES;
				GCC_OPTIMIZATION_LEVEL = 0;
				GCC_PREPROCESSOR_DEFINITIONS = (
					"DEBUG=1",
					"$(inherited)",
				);
				GCC_WARN_64_TO_32_BIT_CONVERSION = YES;
				GCC_WARN_ABOUT_RETURN_TYPE = YES_ERROR;
				GCC_WARN_UNDECLARED_SELECTOR = YES;
				GCC_WARN_UNINITIALIZED_AUTOS = YES_AGGRESSIVE;
				GCC_WARN_UNUSED_FUNCTION = YES;
				GCC_WARN_UNUSED_VARIABLE = YES;
				IPHONEOS_DEPLOYMENT_TARGET = 11.2;
				MTL_ENABLE_DEBUG_INFO = YES;
				ONLY_ACTIVE_ARCH = YES;
				SDKROOT = iphoneos;
				SWIFT_ACTIVE_COMPILATION_CONDITIONS = DEBUG;
				SWIFT_OPTIMIZATION_LEVEL = "-Onone";
			};
			name = Debug;
		};
		F14C358420C3BE4D00C9D46B /* Release */ = {
			isa = XCBuildConfiguration;
			buildSettings = {
				ALWAYS_SEARCH_USER_PATHS = NO;
				CLANG_ANALYZER_NONNULL = YES;
				CLANG_ANALYZER_NUMBER_OBJECT_CONVERSION = YES_AGGRESSIVE;
				CLANG_CXX_LANGUAGE_STANDARD = "gnu++14";
				CLANG_CXX_LIBRARY = "libc++";
				CLANG_ENABLE_MODULES = YES;
				CLANG_ENABLE_OBJC_ARC = YES;
				CLANG_WARN_BLOCK_CAPTURE_AUTORELEASING = YES;
				CLANG_WARN_BOOL_CONVERSION = YES;
				CLANG_WARN_COMMA = YES;
				CLANG_WARN_CONSTANT_CONVERSION = YES;
				CLANG_WARN_DIRECT_OBJC_ISA_USAGE = YES_ERROR;
				CLANG_WARN_DOCUMENTATION_COMMENTS = YES;
				CLANG_WARN_EMPTY_BODY = YES;
				CLANG_WARN_ENUM_CONVERSION = YES;
				CLANG_WARN_INFINITE_RECURSION = YES;
				CLANG_WARN_INT_CONVERSION = YES;
				CLANG_WARN_NON_LITERAL_NULL_CONVERSION = YES;
				CLANG_WARN_OBJC_LITERAL_CONVERSION = YES;
				CLANG_WARN_OBJC_ROOT_CLASS = YES_ERROR;
				CLANG_WARN_RANGE_LOOP_ANALYSIS = YES;
				CLANG_WARN_STRICT_PROTOTYPES = YES;
				CLANG_WARN_SUSPICIOUS_MOVE = YES;
				CLANG_WARN_UNGUARDED_AVAILABILITY = YES_AGGRESSIVE;
				CLANG_WARN_UNREACHABLE_CODE = YES;
				CLANG_WARN__DUPLICATE_METHOD_MATCH = YES;
				CODE_SIGN_IDENTITY = "iPhone Developer";
				COPY_PHASE_STRIP = NO;
				DEBUG_INFORMATION_FORMAT = "dwarf-with-dsym";
				ENABLE_NS_ASSERTIONS = NO;
				ENABLE_STRICT_OBJC_MSGSEND = YES;
				GCC_C_LANGUAGE_STANDARD = gnu11;
				GCC_NO_COMMON_BLOCKS = YES;
				GCC_WARN_64_TO_32_BIT_CONVERSION = YES;
				GCC_WARN_ABOUT_RETURN_TYPE = YES_ERROR;
				GCC_WARN_UNDECLARED_SELECTOR = YES;
				GCC_WARN_UNINITIALIZED_AUTOS = YES_AGGRESSIVE;
				GCC_WARN_UNUSED_FUNCTION = YES;
				GCC_WARN_UNUSED_VARIABLE = YES;
				IPHONEOS_DEPLOYMENT_TARGET = 11.2;
				MTL_ENABLE_DEBUG_INFO = NO;
				SDKROOT = iphoneos;
				SWIFT_OPTIMIZATION_LEVEL = "-Owholemodule";
				VALIDATE_PRODUCT = YES;
			};
			name = Release;
		};
		F14C358620C3BE4D00C9D46B /* Debug */ = {
			isa = XCBuildConfiguration;
			buildSettings = {
				ASSETCATALOG_COMPILER_APPICON_NAME = AppIcon;
				CODE_SIGN_STYLE = Automatic;
				DEVELOPMENT_TEAM = SA7CURWJV7;
				INFOPLIST_FILE = RxSwiftDataBindings/Info.plist;
				LD_RUNPATH_SEARCH_PATHS = "$(inherited) @executable_path/Frameworks";
				PRODUCT_BUNDLE_IDENTIFIER = com.hide0101.RxSwiftDataBindings;
				PRODUCT_NAME = "$(TARGET_NAME)";
				SWIFT_VERSION = 4.0;
				TARGETED_DEVICE_FAMILY = "1,2";
			};
			name = Debug;
		};
		F14C358720C3BE4D00C9D46B /* Release */ = {
			isa = XCBuildConfiguration;
			buildSettings = {
				ASSETCATALOG_COMPILER_APPICON_NAME = AppIcon;
				CODE_SIGN_STYLE = Automatic;
				DEVELOPMENT_TEAM = SA7CURWJV7;
				INFOPLIST_FILE = RxSwiftDataBindings/Info.plist;
				LD_RUNPATH_SEARCH_PATHS = "$(inherited) @executable_path/Frameworks";
				PRODUCT_BUNDLE_IDENTIFIER = com.hide0101.RxSwiftDataBindings;
				PRODUCT_NAME = "$(TARGET_NAME)";
				SWIFT_VERSION = 4.0;
				TARGETED_DEVICE_FAMILY = "1,2";
			};
			name = Release;
		};
		F14C358920C3BE4D00C9D46B /* Debug */ = {
			isa = XCBuildConfiguration;
			buildSettings = {
				ALWAYS_EMBED_SWIFT_STANDARD_LIBRARIES = YES;
				BUNDLE_LOADER = "$(TEST_HOST)";
				CODE_SIGN_STYLE = Automatic;
				DEVELOPMENT_TEAM = SA7CURWJV7;
				INFOPLIST_FILE = RxSwiftDataBindingsTests/Info.plist;
				LD_RUNPATH_SEARCH_PATHS = "$(inherited) @executable_path/Frameworks @loader_path/Frameworks";
				PRODUCT_BUNDLE_IDENTIFIER = com.hide0101.RxSwiftDataBindingsTests;
				PRODUCT_NAME = "$(TARGET_NAME)";
				SWIFT_VERSION = 4.0;
				TARGETED_DEVICE_FAMILY = "1,2";
				TEST_HOST = "$(BUILT_PRODUCTS_DIR)/RxSwiftDataBindings.app/RxSwiftDataBindings";
			};
			name = Debug;
		};
		F14C358A20C3BE4D00C9D46B /* Release */ = {
			isa = XCBuildConfiguration;
			buildSettings = {
				ALWAYS_EMBED_SWIFT_STANDARD_LIBRARIES = YES;
				BUNDLE_LOADER = "$(TEST_HOST)";
				CODE_SIGN_STYLE = Automatic;
				DEVELOPMENT_TEAM = SA7CURWJV7;
				INFOPLIST_FILE = RxSwiftDataBindingsTests/Info.plist;
				LD_RUNPATH_SEARCH_PATHS = "$(inherited) @executable_path/Frameworks @loader_path/Frameworks";
				PRODUCT_BUNDLE_IDENTIFIER = com.hide0101.RxSwiftDataBindingsTests;
				PRODUCT_NAME = "$(TARGET_NAME)";
				SWIFT_VERSION = 4.0;
				TARGETED_DEVICE_FAMILY = "1,2";
				TEST_HOST = "$(BUILT_PRODUCTS_DIR)/RxSwiftDataBindings.app/RxSwiftDataBindings";
			};
			name = Release;
		};
		F14C358C20C3BE4D00C9D46B /* Debug */ = {
			isa = XCBuildConfiguration;
			buildSettings = {
				ALWAYS_EMBED_SWIFT_STANDARD_LIBRARIES = YES;
				CODE_SIGN_STYLE = Automatic;
				DEVELOPMENT_TEAM = SA7CURWJV7;
				INFOPLIST_FILE = RxSwiftDataBindingsUITests/Info.plist;
				LD_RUNPATH_SEARCH_PATHS = "$(inherited) @executable_path/Frameworks @loader_path/Frameworks";
				PRODUCT_BUNDLE_IDENTIFIER = com.hide0101.RxSwiftDataBindingsUITests;
				PRODUCT_NAME = "$(TARGET_NAME)";
				SWIFT_VERSION = 4.0;
				TARGETED_DEVICE_FAMILY = "1,2";
				TEST_TARGET_NAME = RxSwiftDataBindings;
			};
			name = Debug;
		};
		F14C358D20C3BE4D00C9D46B /* Release */ = {
			isa = XCBuildConfiguration;
			buildSettings = {
				ALWAYS_EMBED_SWIFT_STANDARD_LIBRARIES = YES;
				CODE_SIGN_STYLE = Automatic;
				DEVELOPMENT_TEAM = SA7CURWJV7;
				INFOPLIST_FILE = RxSwiftDataBindingsUITests/Info.plist;
				LD_RUNPATH_SEARCH_PATHS = "$(inherited) @executable_path/Frameworks @loader_path/Frameworks";
				PRODUCT_BUNDLE_IDENTIFIER = com.hide0101.RxSwiftDataBindingsUITests;
				PRODUCT_NAME = "$(TARGET_NAME)";
				SWIFT_VERSION = 4.0;
				TARGETED_DEVICE_FAMILY = "1,2";
				TEST_TARGET_NAME = RxSwiftDataBindings;
			};
			name = Release;
		};
/* End XCBuildConfiguration section */

/* Begin XCConfigurationList section */
		F14C355820C3BE4D00C9D46B /* Build configuration list for PBXProject "RxSwiftDataBindings" */ = {
			isa = XCConfigurationList;
			buildConfigurations = (
				F14C358320C3BE4D00C9D46B /* Debug */,
				F14C358420C3BE4D00C9D46B /* Release */,
			);
			defaultConfigurationIsVisible = 0;
			defaultConfigurationName = Release;
		};
		F14C358520C3BE4D00C9D46B /* Build configuration list for PBXNativeTarget "RxSwiftDataBindings" */ = {
			isa = XCConfigurationList;
			buildConfigurations = (
				F14C358620C3BE4D00C9D46B /* Debug */,
				F14C358720C3BE4D00C9D46B /* Release */,
			);
			defaultConfigurationIsVisible = 0;
			defaultConfigurationName = Release;
		};
		F14C358820C3BE4D00C9D46B /* Build configuration list for PBXNativeTarget "RxSwiftDataBindingsTests" */ = {
			isa = XCConfigurationList;
			buildConfigurations = (
				F14C358920C3BE4D00C9D46B /* Debug */,
				F14C358A20C3BE4D00C9D46B /* Release */,
			);
			defaultConfigurationIsVisible = 0;
			defaultConfigurationName = Release;
		};
		F14C358B20C3BE4D00C9D46B /* Build configuration list for PBXNativeTarget "RxSwiftDataBindingsUITests" */ = {
			isa = XCConfigurationList;
			buildConfigurations = (
				F14C358C20C3BE4D00C9D46B /* Debug */,
				F14C358D20C3BE4D00C9D46B /* Release */,
			);
			defaultConfigurationIsVisible = 0;
			defaultConfigurationName = Release;
		};
/* End XCConfigurationList section */
	};
	rootObject = F14C355520C3BE4D00C9D46B /* Project object */;
}
